// !$*UTF8*$!
{
	archiveVersion = 1;
	classes = {
	};
	objectVersion = 55;
	objects = {

/* Begin PBXBuildFile section */
		27A763212863AAC300F0CEFA /* AppDelegate.swift in Sources */ = {isa = PBXBuildFile; fileRef = 27A763202863AAC300F0CEFA /* AppDelegate.swift */; };
		27A763232863AAC300F0CEFA /* SceneDelegate.swift in Sources */ = {isa = PBXBuildFile; fileRef = 27A763222863AAC300F0CEFA /* SceneDelegate.swift */; };
		27A763252863AAC300F0CEFA /* ViewController.swift in Sources */ = {isa = PBXBuildFile; fileRef = 27A763242863AAC300F0CEFA /* ViewController.swift */; };
		27A763282863AAC300F0CEFA /* Main.storyboard in Resources */ = {isa = PBXBuildFile; fileRef = 27A763262863AAC300F0CEFA /* Main.storyboard */; };
		27A7632A2863AAC500F0CEFA /* Assets.xcassets in Resources */ = {isa = PBXBuildFile; fileRef = 27A763292863AAC500F0CEFA /* Assets.xcassets */; };
		27A7632D2863AAC500F0CEFA /* LaunchScreen.storyboard in Resources */ = {isa = PBXBuildFile; fileRef = 27A7632B2863AAC500F0CEFA /* LaunchScreen.storyboard */; };
		724EDC710E7CFB8804DF4EC6 /* Pods_SampleUsingLibrary.framework in Frameworks */ = {isa = PBXBuildFile; fileRef = 48435E4B38EE4BE5F1289F0A /* Pods_SampleUsingLibrary.framework */; };
/* End PBXBuildFile section */

/* Begin PBXFileReference section */
		133988B79DB1A44589D9278F /* Pods-SampleUsingLibrary.debug.xcconfig */ = {isa = PBXFileReference; includeInIndex = 1; lastKnownFileType = text.xcconfig; name = "Pods-SampleUsingLibrary.debug.xcconfig"; path = "Target Support Files/Pods-SampleUsingLibrary/Pods-SampleUsingLibrary.debug.xcconfig"; sourceTree = "<group>"; };
		27A7631D2863AAC300F0CEFA /* SampleUsingLibrary.app */ = {isa = PBXFileReference; explicitFileType = wrapper.application; includeInIndex = 0; path = SampleUsingLibrary.app; sourceTree = BUILT_PRODUCTS_DIR; };
		27A763202863AAC300F0CEFA /* AppDelegate.swift */ = {isa = PBXFileReference; lastKnownFileType = sourcecode.swift; path = AppDelegate.swift; sourceTree = "<group>"; };
		27A763222863AAC300F0CEFA /* SceneDelegate.swift */ = {isa = PBXFileReference; lastKnownFileType = sourcecode.swift; path = SceneDelegate.swift; sourceTree = "<group>"; };
		27A763242863AAC300F0CEFA /* ViewController.swift */ = {isa = PBXFileReference; lastKnownFileType = sourcecode.swift; path = ViewController.swift; sourceTree = "<group>"; };
		27A763272863AAC300F0CEFA /* Base */ = {isa = PBXFileReference; lastKnownFileType = file.storyboard; name = Base; path = Base.lproj/Main.storyboard; sourceTree = "<group>"; };
		27A763292863AAC500F0CEFA /* Assets.xcassets */ = {isa = PBXFileReference; lastKnownFileType = folder.assetcatalog; path = Assets.xcassets; sourceTree = "<group>"; };
		27A7632C2863AAC500F0CEFA /* Base */ = {isa = PBXFileReference; lastKnownFileType = file.storyboard; name = Base; path = Base.lproj/LaunchScreen.storyboard; sourceTree = "<group>"; };
		27A7632E2863AAC500F0CEFA /* Info.plist */ = {isa = PBXFileReference; lastKnownFileType = text.plist.xml; path = Info.plist; sourceTree = "<group>"; };
		2CE9AEAB981461E0257C99BD /* Pods-SampleUsingLibrary.release.xcconfig */ = {isa = PBXFileReference; includeInIndex = 1; lastKnownFileType = text.xcconfig; name = "Pods-SampleUsingLibrary.release.xcconfig"; path = "Target Support Files/Pods-SampleUsingLibrary/Pods-SampleUsingLibrary.release.xcconfig"; sourceTree = "<group>"; };
		48435E4B38EE4BE5F1289F0A /* Pods_SampleUsingLibrary.framework */ = {isa = PBXFileReference; explicitFileType = wrapper.framework; includeInIndex = 0; path = Pods_SampleUsingLibrary.framework; sourceTree = BUILT_PRODUCTS_DIR; };
/* End PBXFileReference section */

/* Begin PBXFrameworksBuildPhase section */
		27A7631A2863AAC300F0CEFA /* Frameworks */ = {
			isa = PBXFrameworksBuildPhase;
			buildActionMask = 2147483647;
			files = (
				724EDC710E7CFB8804DF4EC6 /* Pods_SampleUsingLibrary.framework in Frameworks */,
			);
			runOnlyForDeploymentPostprocessing = 0;
		};
/* End PBXFrameworksBuildPhase section */

/* Begin PBXGroup section */
		27A763142863AAC300F0CEFA = {
			isa = PBXGroup;
			children = (
				27A7631F2863AAC300F0CEFA /* SampleUsingLibrary */,
				27A7631E2863AAC300F0CEFA /* Products */,
				5CC65362E2BFFE2BEFAA9066 /* Pods */,
				3F14250ED7354941C72DF0AD /* Frameworks */,
			);
			sourceTree = "<group>";
		};
		27A7631E2863AAC300F0CEFA /* Products */ = {
			isa = PBXGroup;
			children = (
				27A7631D2863AAC300F0CEFA /* SampleUsingLibrary.app */,
			);
			name = Products;
			sourceTree = "<group>";
		};
		27A7631F2863AAC300F0CEFA /* SampleUsingLibrary */ = {
			isa = PBXGroup;
			children = (
				27A763202863AAC300F0CEFA /* AppDelegate.swift */,
				27A763222863AAC300F0CEFA /* SceneDelegate.swift */,
				27A763242863AAC300F0CEFA /* ViewController.swift */,
				27A763262863AAC300F0CEFA /* Main.storyboard */,
				27A763292863AAC500F0CEFA /* Assets.xcassets */,
				27A7632B2863AAC500F0CEFA /* LaunchScreen.storyboard */,
				27A7632E2863AAC500F0CEFA /* Info.plist */,
			);
			path = SampleUsingLibrary;
			sourceTree = "<group>";
		};
		3F14250ED7354941C72DF0AD /* Frameworks */ = {
			isa = PBXGroup;
			children = (
				48435E4B38EE4BE5F1289F0A /* Pods_SampleUsingLibrary.framework */,
			);
			name = Frameworks;
			sourceTree = "<group>";
		};
		5CC65362E2BFFE2BEFAA9066 /* Pods */ = {
			isa = PBXGroup;
			children = (
				133988B79DB1A44589D9278F /* Pods-SampleUsingLibrary.debug.xcconfig */,
				2CE9AEAB981461E0257C99BD /* Pods-SampleUsingLibrary.release.xcconfig */,
			);
			name = Pods;
			path = Pods;
			sourceTree = "<group>";
		};
/* End PBXGroup section */

/* Begin PBXNativeTarget section */
		27A7631C2863AAC300F0CEFA /* SampleUsingLibrary */ = {
			isa = PBXNativeTarget;
			buildConfigurationList = 27A763312863AAC500F0CEFA /* Build configuration list for PBXNativeTarget "SampleUsingLibrary" */;
			buildPhases = (
				6D431B8E290773E3118A0F41 /* [CP] Check Pods Manifest.lock */,
				27A763192863AAC300F0CEFA /* Sources */,
				27A7631A2863AAC300F0CEFA /* Frameworks */,
				27A7631B2863AAC300F0CEFA /* Resources */,
				2B4650C4D5A1DC127EA96805 /* [CP] Embed Pods Frameworks */,
			);
			buildRules = (
			);
			dependencies = (
			);
			name = SampleUsingLibrary;
			productName = SampleUsingLibrary;
			productReference = 27A7631D2863AAC300F0CEFA /* SampleUsingLibrary.app */;
			productType = "com.apple.product-type.application";
		};
/* End PBXNativeTarget section */

/* Begin PBXProject section */
		27A763152863AAC300F0CEFA /* Project object */ = {
			isa = PBXProject;
			attributes = {
				BuildIndependentTargetsInParallel = 1;
				LastSwiftUpdateCheck = 1320;
				LastUpgradeCheck = 1320;
				TargetAttributes = {
					27A7631C2863AAC300F0CEFA = {
						CreatedOnToolsVersion = 13.2;
					};
				};
			};
			buildConfigurationList = 27A763182863AAC300F0CEFA /* Build configuration list for PBXProject "SampleUsingLibrary" */;
			compatibilityVersion = "Xcode 13.0";
			developmentRegion = en;
			hasScannedForEncodings = 0;
			knownRegions = (
				en,
				Base,
			);
			mainGroup = 27A763142863AAC300F0CEFA;
			productRefGroup = 27A7631E2863AAC300F0CEFA /* Products */;
			projectDirPath = "";
			projectRoot = "";
			targets = (
				27A7631C2863AAC300F0CEFA /* SampleUsingLibrary */,
			);
		};
/* End PBXProject section */

/* Begin PBXResourcesBuildPhase section */
		27A7631B2863AAC300F0CEFA /* Resources */ = {
			isa = PBXResourcesBuildPhase;
			buildActionMask = 2147483647;
			files = (
				27A7632D2863AAC500F0CEFA /* LaunchScreen.storyboard in Resources */,
				27A7632A2863AAC500F0CEFA /* Assets.xcassets in Resources */,
				27A763282863AAC300F0CEFA /* Main.storyboard in Resources */,
			);
			runOnlyForDeploymentPostprocessing = 0;
		};
/* End PBXResourcesBuildPhase section */

/* Begin PBXShellScriptBuildPhase section */
		2B4650C4D5A1DC127EA96805 /* [CP] Embed Pods Frameworks */ = {
			isa = PBXShellScriptBuildPhase;
			buildActionMask = 2147483647;
			files = (
			);
			inputFileListPaths = (
				"${PODS_ROOT}/Target Support Files/Pods-SampleUsingLibrary/Pods-SampleUsingLibrary-frameworks-${CONFIGURATION}-input-files.xcfilelist",
			);
			name = "[CP] Embed Pods Frameworks";
			outputFileListPaths = (
				"${PODS_ROOT}/Target Support Files/Pods-SampleUsingLibrary/Pods-SampleUsingLibrary-frameworks-${CONFIGURATION}-output-files.xcfilelist",
			);
			runOnlyForDeploymentPostprocessing = 0;
			shellPath = /bin/sh;
			shellScript = "\"${PODS_ROOT}/Target Support Files/Pods-SampleUsingLibrary/Pods-SampleUsingLibrary-frameworks.sh\"\n";
			showEnvVarsInLog = 0;
		};
		6D431B8E290773E3118A0F41 /* [CP] Check Pods Manifest.lock */ = {
			isa = PBXShellScriptBuildPhase;
			buildActionMask = 2147483647;
			files = (
			);
			inputFileListPaths = (
			);
			inputPaths = (
				"${PODS_PODFILE_DIR_PATH}/Podfile.lock",
				"${PODS_ROOT}/Manifest.lock",
			);
			name = "[CP] Check Pods Manifest.lock";
			outputFileListPaths = (
			);
			outputPaths = (
				"$(DERIVED_FILE_DIR)/Pods-SampleUsingLibrary-checkManifestLockResult.txt",
			);
			runOnlyForDeploymentPostprocessing = 0;
			shellPath = /bin/sh;
			shellScript = "diff \"${PODS_PODFILE_DIR_PATH}/Podfile.lock\" \"${PODS_ROOT}/Manifest.lock\" > /dev/null\nif [ $? != 0 ] ; then\n    # print error to STDERR\n    echo \"error: The sandbox is not in sync with the Podfile.lock. Run 'pod install' or update your CocoaPods installation.\" >&2\n    exit 1\nfi\n# This output is used by Xcode 'outputs' to avoid re-running this script phase.\necho \"SUCCESS\" > \"${SCRIPT_OUTPUT_FILE_0}\"\n";
			showEnvVarsInLog = 0;
		};
/* End PBXShellScriptBuildPhase section */

/* Begin PBXSourcesBuildPhase section */
		27A763192863AAC300F0CEFA /* Sources */ = {
			isa = PBXSourcesBuildPhase;
			buildActionMask = 2147483647;
			files = (
				27A763252863AAC300F0CEFA /* ViewController.swift in Sources */,
				27A763212863AAC300F0CEFA /* AppDelegate.swift in Sources */,
				27A763232863AAC300F0CEFA /* SceneDelegate.swift in Sources */,
			);
			runOnlyForDeploymentPostprocessing = 0;
		};
/* End PBXSourcesBuildPhase section */

/* Begin PBXVariantGroup section */
		27A763262863AAC300F0CEFA /* Main.storyboard */ = {
			isa = PBXVariantGroup;
			children = (
				27A763272863AAC300F0CEFA /* Base */,
			);
			name = Main.storyboard;
			sourceTree = "<group>";
		};
		27A7632B2863AAC500F0CEFA /* LaunchScreen.storyboard */ = {
			isa = PBXVariantGroup;
			children = (
				27A7632C2863AAC500F0CEFA /* Base */,
			);
			name = LaunchScreen.storyboard;
			sourceTree = "<group>";
		};
/* End PBXVariantGroup section */

/* Begin XCBuildConfiguration section */
		27A7632F2863AAC500F0CEFA /* Debug */ = {
			isa = XCBuildConfiguration;
			buildSettings = {
				ALWAYS_SEARCH_USER_PATHS = NO;
				CLANG_ANALYZER_NONNULL = YES;
				CLANG_ANALYZER_NUMBER_OBJECT_CONVERSION = YES_AGGRESSIVE;
				CLANG_CXX_LANGUAGE_STANDARD = "gnu++17";
				CLANG_CXX_LIBRARY = "libc++";
				CLANG_ENABLE_MODULES = YES;
				CLANG_ENABLE_OBJC_ARC = YES;
				CLANG_ENABLE_OBJC_WEAK = YES;
				CLANG_WARN_BLOCK_CAPTURE_AUTORELEASING = YES;
				CLANG_WARN_BOOL_CONVERSION = YES;
				CLANG_WARN_COMMA = YES;
				CLANG_WARN_CONSTANT_CONVERSION = YES;
				CLANG_WARN_DEPRECATED_OBJC_IMPLEMENTATIONS = YES;
				CLANG_WARN_DIRECT_OBJC_ISA_USAGE = YES_ERROR;
				CLANG_WARN_DOCUMENTATION_COMMENTS = YES;
				CLANG_WARN_EMPTY_BODY = YES;
				CLANG_WARN_ENUM_CONVERSION = YES;
				CLANG_WARN_INFINITE_RECURSION = YES;
				CLANG_WARN_INT_CONVERSION = YES;
				CLANG_WARN_NON_LITERAL_NULL_CONVERSION = YES;
				CLANG_WARN_OBJC_IMPLICIT_RETAIN_SELF = YES;
				CLANG_WARN_OBJC_LITERAL_CONVERSION = YES;
				CLANG_WARN_OBJC_ROOT_CLASS = YES_ERROR;
				CLANG_WARN_QUOTED_INCLUDE_IN_FRAMEWORK_HEADER = YES;
				CLANG_WARN_RANGE_LOOP_ANALYSIS = YES;
				CLANG_WARN_STRICT_PROTOTYPES = YES;
				CLANG_WARN_SUSPICIOUS_MOVE = YES;
				CLANG_WARN_UNGUARDED_AVAILABILITY = YES_AGGRESSIVE;
				CLANG_WARN_UNREACHABLE_CODE = YES;
				CLANG_WARN__DUPLICATE_METHOD_MATCH = YES;
				COPY_PHASE_STRIP = NO;
				DEBUG_INFORMATION_FORMAT = dwarf;
				ENABLE_STRICT_OBJC_MSGSEND = YES;
				ENABLE_TESTABILITY = YES;
				GCC_C_LANGUAGE_STANDARD = gnu11;
				GCC_DYNAMIC_NO_PIC = NO;
				GCC_NO_COMMON_BLOCKS = YES;
				GCC_OPTIMIZATION_LEVEL = 0;
				GCC_PREPROCESSOR_DEFINITIONS = (
					"DEBUG=1",
					"$(inherited)",
				);
				GCC_WARN_64_TO_32_BIT_CONVERSION = YES;
				GCC_WARN_ABOUT_RETURN_TYPE = YES_ERROR;
				GCC_WARN_UNDECLARED_SELECTOR = YES;
				GCC_WARN_UNINITIALIZED_AUTOS = YES_AGGRESSIVE;
				GCC_WARN_UNUSED_FUNCTION = YES;
				GCC_WARN_UNUSED_VARIABLE = YES;
				IPHONEOS_DEPLOYMENT_TARGET = 15.2;
				MTL_ENABLE_DEBUG_INFO = INCLUDE_SOURCE;
				MTL_FAST_MATH = YES;
				ONLY_ACTIVE_ARCH = YES;
				SDKROOT = iphoneos;
				SWIFT_ACTIVE_COMPILATION_CONDITIONS = DEBUG;
				SWIFT_OPTIMIZATION_LEVEL = "-Onone";
			};
			name = Debug;
		};
		27A763302863AAC500F0CEFA /* Release */ = {
			isa = XCBuildConfiguration;
			buildSettings = {
				ALWAYS_SEARCH_USER_PATHS = NO;
				CLANG_ANALYZER_NONNULL = YES;
				CLANG_ANALYZER_NUMBER_OBJECT_CONVERSION = YES_AGGRESSIVE;
				CLANG_CXX_LANGUAGE_STANDARD = "gnu++17";
				CLANG_CXX_LIBRARY = "libc++";
				CLANG_ENABLE_MODULES = YES;
				CLANG_ENABLE_OBJC_ARC = YES;
				CLANG_ENABLE_OBJC_WEAK = YES;
				CLANG_WARN_BLOCK_CAPTURE_AUTORELEASING = YES;
				CLANG_WARN_BOOL_CONVERSION = YES;
				CLANG_WARN_COMMA = YES;
				CLANG_WARN_CONSTANT_CONVERSION = YES;
				CLANG_WARN_DEPRECATED_OBJC_IMPLEMENTATIONS = YES;
				CLANG_WARN_DIRECT_OBJC_ISA_USAGE = YES_ERROR;
				CLANG_WARN_DOCUMENTATION_COMMENTS = YES;
				CLANG_WARN_EMPTY_BODY = YES;
				CLANG_WARN_ENUM_CONVERSION = YES;
				CLANG_WARN_INFINITE_RECURSION = YES;
				CLANG_WARN_INT_CONVERSION = YES;
				CLANG_WARN_NON_LITERAL_NULL_CONVERSION = YES;
				CLANG_WARN_OBJC_IMPLICIT_RETAIN_SELF = YES;
				CLANG_WARN_OBJC_LITERAL_CONVERSION = YES;
				CLANG_WARN_OBJC_ROOT_CLASS = YES_ERROR;
				CLANG_WARN_QUOTED_INCLUDE_IN_FRAMEWORK_HEADER = YES;
				CLANG_WARN_RANGE_LOOP_ANALYSIS = YES;
				CLANG_WARN_STRICT_PROTOTYPES = YES;
				CLANG_WARN_SUSPICIOUS_MOVE = YES;
				CLANG_WARN_UNGUARDED_AVAILABILITY = YES_AGGRESSIVE;
				CLANG_WARN_UNREACHABLE_CODE = YES;
				CLANG_WARN__DUPLICATE_METHOD_MATCH = YES;
				COPY_PHASE_STRIP = NO;
				DEBUG_INFORMATION_FORMAT = "dwarf-with-dsym";
				ENABLE_NS_ASSERTIONS = NO;
				ENABLE_STRICT_OBJC_MSGSEND = YES;
				GCC_C_LANGUAGE_STANDARD = gnu11;
				GCC_NO_COMMON_BLOCKS = YES;
				GCC_WARN_64_TO_32_BIT_CONVERSION = YES;
				GCC_WARN_ABOUT_RETURN_TYPE = YES_ERROR;
				GCC_WARN_UNDECLARED_SELECTOR = YES;
				GCC_WARN_UNINITIALIZED_AUTOS = YES_AGGRESSIVE;
				GCC_WARN_UNUSED_FUNCTION = YES;
				GCC_WARN_UNUSED_VARIABLE = YES;
				IPHONEOS_DEPLOYMENT_TARGET = 15.2;
				MTL_ENABLE_DEBUG_INFO = NO;
				MTL_FAST_MATH = YES;
				SDKROOT = iphoneos;
				SWIFT_COMPILATION_MODE = wholemodule;
				SWIFT_OPTIMIZATION_LEVEL = "-O";
				VALIDATE_PRODUCT = YES;
			};
			name = Release;
		};
		27A763322863AAC500F0CEFA /* Debug */ = {
			isa = XCBuildConfiguration;
			baseConfigurationReference = 133988B79DB1A44589D9278F /* Pods-SampleUsingLibrary.debug.xcconfig */;
			buildSettings = {
				ASSETCATALOG_COMPILER_APPICON_NAME = AppIcon;
				ASSETCATALOG_COMPILER_GLOBAL_ACCENT_COLOR_NAME = AccentColor;
				CODE_SIGN_STYLE = Automatic;
				CURRENT_PROJECT_VERSION = 1;
				GENERATE_INFOPLIST_FILE = YES;
				INFOPLIST_FILE = SampleUsingLibrary/Info.plist;
				INFOPLIST_KEY_UIApplicationSupportsIndirectInputEvents = YES;
				INFOPLIST_KEY_UILaunchStoryboardName = LaunchScreen;
				INFOPLIST_KEY_UIMainStoryboardFile = Main;
				INFOPLIST_KEY_UISupportedInterfaceOrientations_iPad = "UIInterfaceOrientationPortrait UIInterfaceOrientationPortraitUpsideDown UIInterfaceOrientationLandscapeLeft UIInterfaceOrientationLandscapeRight";
				INFOPLIST_KEY_UISupportedInterfaceOrientations_iPhone = "UIInterfaceOrientationPortrait UIInterfaceOrientationLandscapeLeft UIInterfaceOrientationLandscapeRight";
				LD_RUNPATH_SEARCH_PATHS = (
					"$(inherited)",
					"@executable_path/Frameworks",
				);
				MARKETING_VERSION = 1.0;
				PRODUCT_BUNDLE_IDENTIFIER = id.sample.SampleUsingLibrary;
				PRODUCT_NAME = "$(TARGET_NAME)";
				SWIFT_EMIT_LOC_STRINGS = YES;
				SWIFT_VERSION = 5.0;
				TARGETED_DEVICE_FAMILY = "1,2";
			};
			name = Debug;
		};
		27A763332863AAC500F0CEFA /* Release */ = {
			isa = XCBuildConfiguration;
			baseConfigurationReference = 2CE9AEAB981461E0257C99BD /* Pods-SampleUsingLibrary.release.xcconfig */;
			buildSettings = {
				ASSETCATALOG_COMPILER_APPICON_NAME = AppIcon;
				ASSETCATALOG_COMPILER_GLOBAL_ACCENT_COLOR_NAME = AccentColor;
				CODE_SIGN_STYLE = Automatic;
				CURRENT_PROJECT_VERSION = 1;
				GENERATE_INFOPLIST_FILE = YES;
				INFOPLIST_FILE = SampleUsingLibrary/Info.plist;
				INFOPLIST_KEY_UIApplicationSupportsIndirectInputEvents = YES;
				INFOPLIST_KEY_UILaunchStoryboardName = LaunchScreen;
				INFOPLIST_KEY_UIMainStoryboardFile = Main;
				INFOPLIST_KEY_UISupportedInterfaceOrientations_iPad = "UIInterfaceOrientationPortrait UIInterfaceOrientationPortraitUpsideDown UIInterfaceOrientationLandscapeLeft UIInterfaceOrientationLandscapeRight";
				INFOPLIST_KEY_UISupportedInterfaceOrientations_iPhone = "UIInterfaceOrientationPortrait UIInterfaceOrientationLandscapeLeft UIInterfaceOrientationLandscapeRight";
				LD_RUNPATH_SEARCH_PATHS = (
					"$(inherited)",
					"@executable_path/Frameworks",
				);
				MARKETING_VERSION = 1.0;
				PRODUCT_BUNDLE_IDENTIFIER = id.sample.SampleUsingLibrary;
				PRODUCT_NAME = "$(TARGET_NAME)";
				SWIFT_EMIT_LOC_STRINGS = YES;
				SWIFT_VERSION = 5.0;
				TARGETED_DEVICE_FAMILY = "1,2";
			};
			name = Release;
		};
/* End XCBuildConfiguration section */

/* Begin XCConfigurationList section */
		27A763182863AAC300F0CEFA /* Build configuration list for PBXProject "SampleUsingLibrary" */ = {
			isa = XCConfigurationList;
			buildConfigurations = (
				27A7632F2863AAC500F0CEFA /* Debug */,
				27A763302863AAC500F0CEFA /* Release */,
			);
			defaultConfigurationIsVisible = 0;
			defaultConfigurationName = Release;
		};
		27A763312863AAC500F0CEFA /* Build configuration list for PBXNativeTarget "SampleUsingLibrary" */ = {
			isa = XCConfigurationList;
			buildConfigurations = (
				27A763322863AAC500F0CEFA /* Debug */,
				27A763332863AAC500F0CEFA /* Release */,
			);
			defaultConfigurationIsVisible = 0;
			defaultConfigurationName = Release;
		};
/* End XCConfigurationList section */
	};
	rootObject = 27A763152863AAC300F0CEFA /* Project object */;
}
